<?xml version="1.0" encoding="utf-8"?>
<Project ToolsVersion="4.0" xmlns="http://schemas.microsoft.com/developer/msbuild/2003">
  <ItemGroup>
    <FxCompile Include="Data\Shader\DebugText.hlsl" />
    <FxCompile Include="Data\Shader\SkinMesh.hlsl" />
    <FxCompile Include="Data\Shader\Sprite2D.hlsl" />
    <FxCompile Include="Data\Shader\Sprite3D.hlsl" />
    <FxCompile Include="Data\Shader\StaticMesh.hlsl" />
  </ItemGroup>
  <ItemGroup>
    <ClCompile Include="Source\Assets\AssetManager.cpp" />
    <ClCompile Include="Source\Assets\Effect\CEffect.cpp" />
    <ClCompile Include="Source\Assets\Mesh\MeshManager.cpp" />
    <ClCompile Include="Source\Assets\Mesh\SkinMesh\CSkinMesh.cpp" />
    <ClCompile Include="Source\Assets\Mesh\SkinMesh\CSkinMeshParser.cpp" />
    <ClCompile Include="Source\Assets\Mesh\StaticMesh\CStaticMesh.cpp" />
    <ClCompile Include="Source\Assets\Sound\CSound.cpp" />
    <ClCompile Include="Source\Assets\Sound\CSoundManager.cpp" />
    <ClCompile Include="Source\Assets\Sprite\Sprite2D\CSprite2D.cpp" />
    <ClCompile Include="Source\Assets\Sprite\Sprite3D\CSprite3D.cpp" />
    <ClCompile Include="Source\Camera\CCamera.cpp" />
    <ClCompile Include="Source\Assets\Sprite\SpriteManager.cpp" />
    <ClCompile Include="Source\Collision\CBoundingSphere.cpp" />
    <ClCompile Include="Source\DebugText\CDebugText.cpp" />
    <ClCompile Include="Source\DirectX\CDirectX11.cpp" />
    <ClCompile Include="Source\DirectX\CDirectX9.cpp" />
    <ClCompile Include="Source\GameObject\CGameObject.cpp" />
    <ClCompile Include="Source\GameObject\MeshObject\SkinMesh\CSkinMeshObject.cpp" />
    <ClCompile Include="Source\GameObject\MeshObject\StaticMesh\CCharacter\CCharacter.cpp" />
    <ClCompile Include="Source\GameObject\MeshObject\StaticMesh\CCharacter\CPlayer\CPlayer.cpp" />
    <ClCompile Include="Source\GameObject\MeshObject\StaticMesh\CStaticMeshObject.cpp" />
    <ClCompile Include="Source\GameObject\MeshObject\StaticMesh\Ground\CGround.cpp" />
    <ClCompile Include="Source\GameObject\SpriteObject\CSpriteObject.cpp" />
    <ClCompile Include="Source\GameObject\SpriteObject\Explosion\CExplosion.cpp" />
    <ClCompile Include="Source\GameObject\UIObject\CUIObject.cpp" />
    <ClCompile Include="Source\Game\CGame.cpp" />
    <ClCompile Include="Source\Main\CCreateWindow.cpp" />
    <ClCompile Include="Source\Main\CMain.cpp" />
    <ClCompile Include="Source\Main\WinMain.cpp" />
    <ClCompile Include="Source\Scene\CScene.cpp" />
    <ClCompile Include="Source\Scene\CSceneManager.cpp" />
    <ClCompile Include="Source\Scene\SceneMain\CSceneGameMain.cpp" />
    <ClCompile Include="Source\Scene\SceneStandby\CSceneStandby.cpp" />
    <ClCompile Include="Source\Scene\SceneResult\CSceneResult.cpp" />
    <ClCompile Include="Source\Scene\SceneTitle\CSceneTitle.cpp" />
    <ClCompile Include="Source\stdafx.cpp" />
    <ClCompile Include="Source\CInput\CInput.cpp" />
    <ClCompile Include="Source\CInput\XInput\CXInput.cpp" />
    <ClCompile Include="Source\GameObject\MeshObject\StaticMesh\Item\ItemBase.cpp" />
    <ClCompile Include="Source\GameObject\MeshObject\StaticMesh\Item\ItemFactory\ItemFactory.cpp" />
    <ClCompile Include="Source\GameObject\MeshObject\StaticMesh\Item\ItemManager\ItemManager.cpp" />
    <ClCompile Include="Source\GameObject\MeshObject\StaticMesh\Item\ItemObserver\IItemObserver.cpp" />
    <ClCompile Include="Source\GameObject\MeshObject\StaticMesh\Item\ItemState\ItemStateDestroy\ItemStateDestroy.cpp" />
    <ClCompile Include="Source\GameObject\MeshObject\StaticMesh\Item\ItemState\ItemStateHave\ItemStateHave.cpp" />
    <ClCompile Include="Source\GameObject\MeshObject\StaticMesh\Item\ItemState\ItemStateSpawn\ItemStateSpawn.cpp" />
    <ClCompile Include="Source\GameObject\MeshObject\StaticMesh\Item\ItemState\ItemStateUse\ItemStateUse.cpp" />
    <ClCompile Include="Source\GameObject\MeshObject\StaticMesh\Item\Items\Haetataki\Haetataki.cpp" />
    <ClCompile Include="Source\GameObject\MeshObject\StaticMesh\Item\Items\SmashBat\SmashBat.cpp" />
    <ClCompile Include="Source\CInput\CInputManager.cpp" />
    <ClCompile Include="Source\GameObject\MeshObject\StaticMesh\CCharacter\CPlayer\PlayerHand\CPlayerHand.cpp" />
    <ClCompile Include="Source\GameObject\MeshObject\StaticMesh\CCharacter\CPlayer\PlayerHand\PlayerLeftHand\CPlayerLeftHand.cpp" />
    <ClCompile Include="Source\GameObject\MeshObject\StaticMesh\CCharacter\CPlayer\PlayerHand\PlayerRightHand\CPlayerRightHand.cpp" />
    <ClCompile Include="Source\GameObject\MeshObject\StaticMesh\CCharacter\CPlayer\PlayerState\ActionState\CActionState.cpp" />
    <ClCompile Include="Source\GameObject\MeshObject\StaticMesh\CCharacter\CPlayer\PlayerState\ActionState\PlayerActionIdle\CPlayerActionIdle.cpp" />
    <ClCompile Include="Source\GameObject\MeshObject\StaticMesh\CCharacter\CPlayer\PlayerState\ActionState\PlayerHandAttack\CPlayerHandAttack.cpp" />
    <ClCompile Include="Source\TimeManager\CTimeManager.cpp" />
    <ClCompile Include="Source\GameObject\MeshObject\StaticMesh\CCharacter\CPlayer\PlayerState\ActionState\PlayerHandWhiff\CPlayerHandWhiff.cpp" />
    <ClCompile Include="Source\GameObject\MeshObject\StaticMesh\CCharacter\CPlayer\PlayerState\ActionState\PlayerPickupItem\CPlayerPickupItem.cpp" />
    <ClCompile Include="Source\GameObject\MeshObject\StaticMesh\CCharacter\CPlayer\PlayerState\ActionState\PlayerThrowItem\CPlayerThrowItem.cpp" />
    <ClCompile Include="Source\GameObject\MeshObject\StaticMesh\DrawCollision\DrawCollision.cpp" />
    <ClCompile Include="Source\Collision\CollisionManager\CollisionManager.cpp" />
    <ClCompile Include="Source\GameObject\MeshObject\StaticMesh\CCharacter\CPlayer\PlayerState\ActionState\PlayerPushed\CPlayerPushed.cpp" />
    <ClCompile Include="Source\GameObject\MeshObject\StaticMesh\CCharacter\CPlayer\PlayerHead\CPlayerHead.cpp" />
    <ClCompile Include="Source\GameObject\MeshObject\StaticMesh\CCharacter\CPlayer\PlayerState\ActionState\PlayerHandHit\CPlayerHandHit.cpp" />
    <ClCompile Include="Source\GameObject\MeshObject\StaticMesh\CCharacter\CPlayer\PlayerState\PlayerTurnState\PlayerTurnState\CPlayerTurnState.cpp" />
    <ClCompile Include="Source\GameObject\MeshObject\StaticMesh\CCharacter\CPlayer\PlayerState\PlayerTurnState\PlayerTurnIdleState\CPlayerTurnIdleState.cpp" />
    <ClCompile Include="Source\GameObject\MeshObject\StaticMesh\CCharacter\CPlayer\PlayerState\PlayerMoveState\PlayerMoveState\CPlayerMoveState.cpp" />
    <ClCompile Include="Source\GameObject\MeshObject\StaticMesh\CCharacter\CPlayer\PlayerState\PlayerMoveState\PlayerMoveIdelState\CPlayerMoveIdleState.cpp" />
  </ItemGroup>
  <ItemGroup>
    <ClInclude Include="Source\Assets\AssetManager.h" />
    <ClInclude Include="Source\Assets\Effect\CEffect.h" />
    <ClInclude Include="Source\Assets\Effect\Effekseer\include\Effekseer.h" />
    <ClInclude Include="Source\Assets\Effect\Effekseer\include\Effekseer.Modules.h" />
    <ClInclude Include="Source\Assets\Effect\Effekseer\include\Effekseer.SIMD.h" />
    <ClInclude Include="Source\Assets\Effect\Effekseer\include\EffekseerRendererDX11.h" />
    <ClInclude Include="Source\Assets\Mesh\MeshManager.h" />
    <ClInclude Include="Source\Assets\Mesh\SkinMesh\CSkinMesh.h" />
    <ClInclude Include="Source\Assets\Mesh\SkinMesh\CSkinMeshParser.h" />
    <ClInclude Include="Source\Assets\Sound\CSound.h" />
    <ClInclude Include="Source\Assets\Sound\CSoundManager.h" />
    <ClInclude Include="Source\Assets\Sprite\Sprite2D\CSprite2D.h" />
    <ClInclude Include="Source\Assets\Sprite\Sprite3D\CSprite3D.h" />
    <ClInclude Include="Source\Camera\CCamera.h" />
    <ClInclude Include="Source\Assets\Sprite\SpriteManager.h" />
    <ClInclude Include="Source\Collision\CBoundingSphere.h" />
    <ClInclude Include="Source\DebugText\CDebugText.h" />
    <ClInclude Include="Source\DirectX\CDirectX11.h" />
    <ClInclude Include="Source\DirectX\CDirectX9.h" />
    <ClInclude Include="Source\GameObject\CGameObject.h" />
    <ClInclude Include="Source\GameObject\MeshObject\SkinMesh\CSkinMeshObject.h" />
    <ClInclude Include="Source\GameObject\MeshObject\StaticMesh\CCharacter\CCharacter.h" />
    <ClInclude Include="Source\GameObject\MeshObject\StaticMesh\CCharacter\CPlayer\CPlayer.h" />
    <ClInclude Include="Source\GameObject\MeshObject\StaticMesh\CStaticMeshObject.h" />
    <ClInclude Include="Source\GameObject\MeshObject\StaticMesh\Ground\CGround.h" />
    <ClInclude Include="Source\GameObject\SpriteObject\CSpriteObject.h" />
    <ClInclude Include="Source\GameObject\SpriteObject\Explosion\CExplosion.h" />
    <ClInclude Include="Source\GameObject\UIObject\CUIObject.h" />
    <ClInclude Include="Source\Game\CGame.h" />
    <ClInclude Include="Source\Global.h" />
    <ClInclude Include="Source\Main\CCreateWindow.h" />
    <ClInclude Include="Source\Main\CMain.h" />
    <ClInclude Include="Source\MyMacro.h" />
    <ClInclude Include="Source\Scene\CScene.h" />
    <ClInclude Include="Source\Scene\CSceneManager.h" />
    <ClInclude Include="Source\Scene\SceneMain\CSceneGameMain.h" />
    <ClInclude Include="Source\Scene\SceneStandby\CSceneStandby.h" />
    <ClInclude Include="Source\Scene\SceneResult\CSceneResult.h" />
    <ClInclude Include="Source\Scene\SceneTitle\CSceneTitle.h" />
    <ClInclude Include="Source\stdafx.h" />
    <ClInclude Include="Source\CInput\CInput.h" />
    <ClInclude Include="Source\CInput\XInput\CXInput.h" />
    <ClInclude Include="Source\CInput\InputDevice\InputDevice.h" />
    <ClInclude Include="Source\GameObject\MeshObject\StaticMesh\Item\ItemBase.h" />
    <ClInclude Include="Source\GameObject\MeshObject\StaticMesh\Item\ItemFactory\ItemFactory.h" />
    <ClInclude Include="Source\GameObject\MeshObject\StaticMesh\Item\ItemManager\ItemManager.h" />
    <ClInclude Include="Source\GameObject\MeshObject\StaticMesh\Item\ItemObserver\IItemObserver.h" />
    <ClInclude Include="Source\GameObject\MeshObject\StaticMesh\Item\ItemState\ItemStateDestroy\ItemStateDestroy.h" />
    <ClInclude Include="Source\GameObject\MeshObject\StaticMesh\Item\ItemState\ItemStateHave\ItemStateHave.h" />
    <ClInclude Include="Source\GameObject\MeshObject\StaticMesh\Item\ItemState\ItemStateSpawn\ItemStateSpawn.h" />
    <ClInclude Include="Source\GameObject\MeshObject\StaticMesh\Item\ItemState\ItemStateUse\ItemStateUse.h" />
    <ClInclude Include="Source\GameObject\MeshObject\StaticMesh\Item\Items\Haetataki\Haetataki.h" />
    <ClInclude Include="Source\GameObject\MeshObject\StaticMesh\Item\Items\SmashBat\SmashBat.h" />
    <ClInclude Include="Source\CInput\CInputManager.h" />
    <ClInclude Include="Source\GameObject\MeshObject\StaticMesh\CCharacter\CPlayer\PlayerHand\CPlayerHand.h" />
    <ClInclude Include="Source\GameObject\MeshObject\StaticMesh\CCharacter\CPlayer\PlayerHand\PlayerLeftHand\CPlayerLeftHand.h" />
    <ClInclude Include="Source\GameObject\MeshObject\StaticMesh\CCharacter\CPlayer\PlayerHand\PlayerRightHand\CPlayerRightHand.h" />
    <ClInclude Include="Source\GameObject\MeshObject\StaticMesh\CCharacter\CPlayer\PlayerState\ActionState\CActionState.h" />
    <ClInclude Include="Source\GameObject\MeshObject\StaticMesh\CCharacter\CPlayer\PlayerState\ActionState\PlayerActionIdle\CPlayerActionIdle.h" />
    <ClInclude Include="Source\GameObject\MeshObject\StaticMesh\CCharacter\CPlayer\PlayerState\ActionState\PlayerHandAttack\CPlayerHandAttack.h" />
    <ClInclude Include="Source\TimeManager\CTimeManager.h" />
    <ClInclude Include="Source\GameObject\MeshObject\StaticMesh\CCharacter\CPlayer\PlayerState\ActionState\PlayerHandWhiff\CPlayerHandWhiff.h" />
    <ClInclude Include="Source\GameObject\MeshObject\StaticMesh\CCharacter\CPlayer\PlayerState\ActionState\PlayerPickupItem\CPlayerPickupItem.h" />
    <ClInclude Include="Source\GameObject\MeshObject\StaticMesh\CCharacter\CPlayer\PlayerState\ActionState\PlayerThrowItem\CPlayerThrowItem.h" />
    <ClInclude Include="Source\GameObject\MeshObject\StaticMesh\DrawCollision\DrawCollision.h" />
    <ClInclude Include="Source\Collision\CollisionManager\CollisionManager.h" />
    <ClInclude Include="Source\GameObject\MeshObject\StaticMesh\CCharacter\CPlayer\PlayerState\ActionState\PlayerPushed\CPlayerPushed.h" />
    <ClInclude Include="Source\GameObject\MeshObject\StaticMesh\CCharacter\CPlayer\PlayerHead\CPlayerHead.h" />
    <ClInclude Include="Source\GameObject\MeshObject\StaticMesh\CCharacter\CPlayer\PlayerState\ActionState\PlayerHandHit\CPlayerHandHit.h" />
    <ClInclude Include="Source\Assets\Mesh\StaticMesh\CStaticMesh.h" />
    <ClInclude Include="Source\GameObject\MeshObject\StaticMesh\CCharacter\CPlayer\PlayerState\CPlayerState.h" />
    <ClInclude Include="Source\GameObject\MeshObject\StaticMesh\CCharacter\CPlayer\PlayerState\PlayerTurnState\PlayerTurnState\CPlayerTurnState.h" />
    <ClInclude Include="Source\GameObject\MeshObject\StaticMesh\CCharacter\CPlayer\PlayerState\PlayerTurnState\PlayerTurnIdleState\CPlayerTurnIdleState.h" />
    <ClInclude Include="Source\GameObject\MeshObject\StaticMesh\CCharacter\CPlayer\PlayerState\PlayerMoveState\PlayerMoveState\CPlayerMoveState.h" />
    <ClInclude Include="Source\GameObject\MeshObject\StaticMesh\CCharacter\CPlayer\PlayerState\PlayerMoveState\PlayerMoveIdelState\CPlayerMoveIdleState.h" />
  </ItemGroup>
  <ItemGroup>
    <Text Include="ChangeSourse.txt" />
  </ItemGroup>
</Project>