<?xml version="1.0" encoding="utf-8"?>
<Project ToolsVersion="4.0" xmlns="http://schemas.microsoft.com/developer/msbuild/2003">
  <ItemGroup>
    <FxCompile Include="Data\Shader\DebugText.hlsl" />
    <FxCompile Include="Data\Shader\SkinMesh.hlsl" />
    <FxCompile Include="Data\Shader\Sprite2D.hlsl" />
    <FxCompile Include="Data\Shader\Sprite3D.hlsl" />
    <FxCompile Include="Data\Shader\StaticMesh.hlsl" />
  </ItemGroup>
  <ItemGroup>
    <ClCompile Include="Source\Assets\AssetManager.cpp" />
    <ClCompile Include="Source\Assets\Effect\CEffect.cpp" />
    <ClCompile Include="Source\Assets\Mesh\MeshManager.cpp" />
    <ClCompile Include="Source\Assets\Mesh\SkinMesh\CSkinMesh.cpp" />
    <ClCompile Include="Source\Assets\Mesh\SkinMesh\CSkinMeshParser.cpp" />
    <ClCompile Include="Source\Assets\Mesh\StaticMesh\CStaticMesh.cpp" />
    <ClCompile Include="Source\Assets\Sound\CSound.cpp" />
    <ClCompile Include="Source\Assets\Sound\CSoundManager.cpp" />
    <ClCompile Include="Source\Assets\Sprite\Sprite2D\CSprite2D.cpp" />
    <ClCompile Include="Source\Assets\Sprite\Sprite3D\CSprite3D.cpp" />
    <ClCompile Include="Source\Camera\CCamera.cpp" />
    <ClCompile Include="Source\Assets\Sprite\SpriteManager.cpp" />
    <ClCompile Include="Source\Collision\CBoundingSphere.cpp" />
    <ClCompile Include="Source\DebugText\CDebugText.cpp" />
    <ClCompile Include="Source\DirectX\CDirectX11.cpp" />
    <ClCompile Include="Source\DirectX\CDirectX9.cpp" />
    <ClCompile Include="Source\GameObject\CGameObject.cpp" />
    <ClCompile Include="Source\GameObject\MeshObject\SkinMesh\CSkinMeshObject.cpp" />
    <ClCompile Include="Source\GameObject\MeshObject\StaticMesh\CStaticMeshObject.cpp" />
    <ClCompile Include="Source\GameObject\MeshObject\StaticMesh\Ground\CGround.cpp" />
    <ClCompile Include="Source\GameObject\SpriteObject\CSpriteObject.cpp" />
    <ClCompile Include="Source\GameObject\SpriteObject\Explosion\CExplosion.cpp" />
    <ClCompile Include="Source\GameObject\UIObject\CUIObject.cpp" />
    <ClCompile Include="Source\Game\CGame.cpp" />
    <ClCompile Include="Source\Main\CCreateWindow.cpp" />
    <ClCompile Include="Source\Main\CMain.cpp" />
    <ClCompile Include="Source\Main\WinMain.cpp" />
    <ClCompile Include="Source\Scene\CScene.cpp" />
    <ClCompile Include="Source\Scene\CSceneManager.cpp" />
    <ClCompile Include="Source\Scene\SceneMain\CSceneGameMain.cpp" />
    <ClCompile Include="Source\Scene\SceneStandby\CSceneStandby.cpp" />
    <ClCompile Include="Source\Scene\SceneResult\CSceneResult.cpp" />
    <ClCompile Include="Source\Scene\SceneTitle\CSceneTitle.cpp" />
    <ClCompile Include="Source\stdafx.cpp" />
    <ClCompile Include="Source\Input\CInput.cpp" />
    <ClCompile Include="Source\Input\XInput\CXInput.cpp" />
    <ClCompile Include="Source\GameObject\MeshObject\StaticMesh\Item\ItemBase.cpp" />
    <ClCompile Include="Source\GameObject\MeshObject\StaticMesh\Item\ItemFactory\ItemFactory.cpp" />
    <ClCompile Include="Source\GameObject\MeshObject\StaticMesh\Item\ItemManager\ItemManager.cpp" />
    <ClCompile Include="Source\GameObject\MeshObject\StaticMesh\Item\ItemObserver\IItemObserver.cpp" />
    <ClCompile Include="Source\GameObject\MeshObject\StaticMesh\Item\ItemState\ItemStateDestroy\ItemStateDestroy.cpp" />
    <ClCompile Include="Source\GameObject\MeshObject\StaticMesh\Item\ItemState\ItemStateHave\ItemStateHave.cpp" />
    <ClCompile Include="Source\GameObject\MeshObject\StaticMesh\Item\ItemState\ItemStateSpawn\ItemStateSpawn.cpp" />
    <ClCompile Include="Source\GameObject\MeshObject\StaticMesh\Item\ItemState\ItemStateUse\ItemStateUse.cpp" />
    <ClCompile Include="Source\GameObject\MeshObject\StaticMesh\Item\Items\Haetataki\Haetataki.cpp" />
    <ClCompile Include="Source\GameObject\MeshObject\StaticMesh\Item\Items\SmashBat\SmashBat.cpp" />
    <ClCompile Include="Source\Input\CInputManager.cpp" />
    <ClCompile Include="Source\TimeManager\CTimeManager.cpp" />
    <ClCompile Include="Source\GameObject\MeshObject\StaticMesh\DrawCollision\DrawCollision.cpp" />
    <ClCompile Include="Source\GameObject\MeshObject\StaticMesh\Item\Items\Bomb\Bomb.cpp" />
    <ClCompile Include="Source\GameObject\MeshObject\StaticMesh\Ground\GroundManager\CGroundManager.cpp" />
    <ClCompile Include="Source\GameObject\MeshObject\StaticMesh\PlayerBase\CPlayerBase.cpp" />
    <ClCompile Include="Source\GameObject\MeshObject\StaticMesh\PlayerBase\PlayerHand\CPlayerHand.cpp" />
    <ClCompile Include="Source\GameObject\MeshObject\StaticMesh\PlayerBase\PlayerHand\PlayerLeftHand\CPlayerLeftHand.cpp" />
    <ClCompile Include="Source\GameObject\MeshObject\StaticMesh\PlayerBase\PlayerHand\PlayerRightHand\CPlayerRightHand.cpp" />
    <ClCompile Include="Source\GameObject\MeshObject\StaticMesh\PlayerBase\PlayerHead\CPlayerHead.cpp" />
    <ClCompile Include="Source\GameObject\MeshObject\StaticMesh\PlayerBase\PlayerState\PlayerActionState\PlayerActionIdleState\CPlayerActionIdleState.cpp" />
    <ClCompile Include="Source\GameObject\MeshObject\StaticMesh\PlayerBase\PlayerState\PlayerActionState\PlayerFallingState\CPlayerFallingState.cpp" />
    <ClCompile Include="Source\GameObject\MeshObject\StaticMesh\PlayerBase\PlayerState\PlayerActionState\PlayerGetUpState\CPlayerGetUpState.cpp" />
    <ClCompile Include="Source\GameObject\MeshObject\StaticMesh\PlayerBase\PlayerState\PlayerActionState\PlayerHandAttackState\CPlayerHandAttackState.cpp" />
    <ClCompile Include="Source\GameObject\MeshObject\StaticMesh\PlayerBase\PlayerState\PlayerActionState\PlayerHandHitState\CPlayerHandHitState.cpp" />
    <ClCompile Include="Source\GameObject\MeshObject\StaticMesh\PlayerBase\PlayerState\PlayerActionState\PlayerHandWhiffState\CPlayerHandWhiffState.cpp" />
    <ClCompile Include="Source\GameObject\MeshObject\StaticMesh\PlayerBase\PlayerState\PlayerActionState\PlayerKnockbackState\CPlayerKnockbackState.cpp" />
    <ClCompile Include="Source\GameObject\MeshObject\StaticMesh\PlayerBase\PlayerState\PlayerActionState\PlayerPickupState\CPlayerPickupState.cpp" />
    <ClCompile Include="Source\GameObject\MeshObject\StaticMesh\PlayerBase\PlayerState\PlayerActionState\PlayerPushedState\CPlayerPushedState.cpp" />
    <ClCompile Include="Source\GameObject\MeshObject\StaticMesh\PlayerBase\PlayerState\PlayerActionState\PlayerThrowState\CPlayerThrowState.cpp" />
    <ClCompile Include="Source\GameObject\MeshObject\StaticMesh\PlayerBase\PlayerState\PlayerMoveState\PlayerMoveIdelState\CPlayerMoveIdleState.cpp" />
    <ClCompile Include="Source\GameObject\MeshObject\StaticMesh\PlayerBase\PlayerState\PlayerMoveState\PlayerMoveState\CPlayerMoveState.cpp" />
    <ClCompile Include="Source\GameObject\MeshObject\StaticMesh\PlayerBase\PlayerState\PlayerTurnState\PlayerTurnIdleState\CPlayerTurnIdleState.cpp" />
    <ClCompile Include="Source\GameObject\MeshObject\StaticMesh\PlayerBase\PlayerState\PlayerTurnState\PlayerTurnState\CPlayerTurnState.cpp" />
    <ClCompile Include="Source\GameObject\MeshObject\StaticMesh\PlayerBase\Player\CPlayer.cpp" />
    <ClCompile Include="Source\GameObject\MeshObject\StaticMesh\PlayerBase\PlayerAI\CPlayerAI.cpp" />
    <ClCompile Include="Source\GameObject\MeshObject\StaticMesh\PlayerBase\PlayerManager\CPlayerManager.cpp" />
    <ClCompile Include="Source\GameObject\MeshObject\StaticMesh\PlayerBase\PlayerObserver\IPlayerObserver.cpp" />
    <ClCompile Include="Source\GameObject\MeshObject\StaticMesh\PlayerBase\PlayerState\CPlayerState.cpp" />
    <ClCompile Include="Source\GameObject\MeshObject\StaticMesh\PlayerBase\PlayerState\PlayerActionState\PlayerKnockdownState\CPlayerKnockdownState.cpp" />
    <ClCompile Include="Source\Collision\Collider\CollisionSphere\CollisionSphere.cpp" />
    <ClCompile Include="Source\Collision\CollisionStrategy\CollisionStrategyFactory\CollisionStrategyFactory.cpp" />
    <ClCompile Include="Source\Collision\CollisionStrategy\CollisionPattern\CollisionRaySphere\CollisionRaySphere.cpp" />
    <ClCompile Include="Source\Collision\CollisionStrategy\CollisionPattern\CollisionCapsuleSphere\CollisionCapsuleSphere.cpp" />
    <ClCompile Include="Source\Collision\CollisionStrategy\CollisionPattern\CollisionCapsuleRay\CollisionCapsuleRay.cpp" />
    <ClCompile Include="Source\Collision\CollisionStrategy\CollisionPattern\CollisionCapsuleOBB\CollisionCapsuleOBB.cpp" />
    <ClCompile Include="Source\Collision\CollisionStrategy\CollisionPattern\CollisionCapsuleCapsule\CollisionCapsuleCapsule.cpp" />
    <ClCompile Include="Source\Collision\Collider\CollisionRay\CollisionRay.cpp" />
    <ClCompile Include="Source\Collision\Collider\CollisionCapsule\CollisionCapsule.cpp" />
    <ClCompile Include="Source\Collision\Collider\CollisionOBB\CollisionOBB.cpp" />
    <ClCompile Include="Source\Collision\Collider\CollisionBase.cpp" />
    <ClCompile Include="Source\Collision\CollisionManager\CollisionManager.cpp" />
  </ItemGroup>
  <ItemGroup>
    <ClInclude Include="Source\Assets\AssetManager.h" />
    <ClInclude Include="Source\Assets\Effect\CEffect.h" />
    <ClInclude Include="Source\Assets\Effect\Effekseer\include\Effekseer.h" />
    <ClInclude Include="Source\Assets\Effect\Effekseer\include\Effekseer.Modules.h" />
    <ClInclude Include="Source\Assets\Effect\Effekseer\include\Effekseer.SIMD.h" />
    <ClInclude Include="Source\Assets\Effect\Effekseer\include\EffekseerRendererDX11.h" />
    <ClInclude Include="Source\Assets\Mesh\MeshManager.h" />
    <ClInclude Include="Source\Assets\Mesh\SkinMesh\CSkinMesh.h" />
    <ClInclude Include="Source\Assets\Mesh\SkinMesh\CSkinMeshParser.h" />
    <ClInclude Include="Source\Assets\Sound\CSound.h" />
    <ClInclude Include="Source\Assets\Sound\CSoundManager.h" />
    <ClInclude Include="Source\Assets\Sprite\Sprite2D\CSprite2D.h" />
    <ClInclude Include="Source\Assets\Sprite\Sprite3D\CSprite3D.h" />
    <ClInclude Include="Source\Camera\CCamera.h" />
    <ClInclude Include="Source\Assets\Sprite\SpriteManager.h" />
    <ClInclude Include="Source\Collision\CBoundingSphere.h" />
    <ClInclude Include="Source\DebugText\CDebugText.h" />
    <ClInclude Include="Source\DirectX\CDirectX11.h" />
    <ClInclude Include="Source\DirectX\CDirectX9.h" />
    <ClInclude Include="Source\GameObject\CGameObject.h" />
    <ClInclude Include="Source\GameObject\MeshObject\SkinMesh\CSkinMeshObject.h" />
    <ClInclude Include="Source\GameObject\MeshObject\StaticMesh\CStaticMeshObject.h" />
    <ClInclude Include="Source\GameObject\MeshObject\StaticMesh\Ground\CGround.h" />
    <ClInclude Include="Source\GameObject\SpriteObject\CSpriteObject.h" />
    <ClInclude Include="Source\GameObject\SpriteObject\Explosion\CExplosion.h" />
    <ClInclude Include="Source\GameObject\UIObject\CUIObject.h" />
    <ClInclude Include="Source\Game\CGame.h" />
    <ClInclude Include="Source\Global.h" />
    <ClInclude Include="Source\Main\CCreateWindow.h" />
    <ClInclude Include="Source\Main\CMain.h" />
    <ClInclude Include="Source\MyMacro.h" />
    <ClInclude Include="Source\Scene\CScene.h" />
    <ClInclude Include="Source\Scene\CSceneManager.h" />
    <ClInclude Include="Source\Scene\SceneMain\CSceneGameMain.h" />
    <ClInclude Include="Source\Scene\SceneStandby\CSceneStandby.h" />
    <ClInclude Include="Source\Scene\SceneResult\CSceneResult.h" />
    <ClInclude Include="Source\Scene\SceneTitle\CSceneTitle.h" />
    <ClInclude Include="Source\stdafx.h" />
    <ClInclude Include="Source\Input\CInput.h" />
    <ClInclude Include="Source\Input\XInput\CXInput.h" />
    <ClInclude Include="Source\Input\InputDevice\InputDevice.h" />
    <ClInclude Include="Source\GameObject\MeshObject\StaticMesh\Item\ItemBase.h" />
    <ClInclude Include="Source\GameObject\MeshObject\StaticMesh\Item\ItemFactory\ItemFactory.h" />
    <ClInclude Include="Source\GameObject\MeshObject\StaticMesh\Item\ItemManager\ItemManager.h" />
    <ClInclude Include="Source\GameObject\MeshObject\StaticMesh\Item\ItemObserver\IItemObserver.h" />
    <ClInclude Include="Source\GameObject\MeshObject\StaticMesh\Item\ItemState\ItemStateDestroy\ItemStateDestroy.h" />
    <ClInclude Include="Source\GameObject\MeshObject\StaticMesh\Item\ItemState\ItemStateHave\ItemStateHave.h" />
    <ClInclude Include="Source\GameObject\MeshObject\StaticMesh\Item\ItemState\ItemStateSpawn\ItemStateSpawn.h" />
    <ClInclude Include="Source\GameObject\MeshObject\StaticMesh\Item\ItemState\ItemStateUse\ItemStateUse.h" />
    <ClInclude Include="Source\GameObject\MeshObject\StaticMesh\Item\Items\Haetataki\Haetataki.h" />
    <ClInclude Include="Source\GameObject\MeshObject\StaticMesh\Item\Items\SmashBat\SmashBat.h" />
    <ClInclude Include="Source\Input\CInputManager.h" />
    <ClInclude Include="Source\TimeManager\CTimeManager.h" />
    <ClInclude Include="Source\GameObject\MeshObject\StaticMesh\DrawCollision\DrawCollision.h" />
    <ClInclude Include="Source\Assets\Mesh\StaticMesh\CStaticMesh.h" />
    <ClInclude Include="Source\GameObject\MeshObject\StaticMesh\Item\Items\Bomb\Bomb.h" />
    <ClInclude Include="Source\GameObject\MeshObject\StaticMesh\Ground\GroundManager\CGroundManager.h" />
    <ClInclude Include="Source\GameObject\MeshObject\StaticMesh\PlayerBase\CPlayerBase.h" />
    <ClInclude Include="Source\GameObject\MeshObject\StaticMesh\PlayerBase\PlayerHand\CPlayerHand.h" />
    <ClInclude Include="Source\GameObject\MeshObject\StaticMesh\PlayerBase\PlayerHand\PlayerLeftHand\CPlayerLeftHand.h" />
    <ClInclude Include="Source\GameObject\MeshObject\StaticMesh\PlayerBase\PlayerHand\PlayerRightHand\CPlayerRightHand.h" />
    <ClInclude Include="Source\GameObject\MeshObject\StaticMesh\PlayerBase\PlayerHead\CPlayerHead.h" />
    <ClInclude Include="Source\GameObject\MeshObject\StaticMesh\PlayerBase\PlayerState\CPlayerState.h" />
    <ClInclude Include="Source\GameObject\MeshObject\StaticMesh\PlayerBase\PlayerState\PlayerActionState\PlayerActionIdleState\CPlayerActionIdleState.h" />
    <ClInclude Include="Source\GameObject\MeshObject\StaticMesh\PlayerBase\PlayerState\PlayerActionState\PlayerFallingState\CPlayerFallingState.h" />
    <ClInclude Include="Source\GameObject\MeshObject\StaticMesh\PlayerBase\PlayerState\PlayerActionState\PlayerGetUpState\CPlayerGetUpState.h" />
    <ClInclude Include="Source\GameObject\MeshObject\StaticMesh\PlayerBase\PlayerState\PlayerActionState\PlayerHandAttackState\CPlayerHandAttackState.h" />
    <ClInclude Include="Source\GameObject\MeshObject\StaticMesh\PlayerBase\PlayerState\PlayerActionState\PlayerHandHitState\CPlayerHandHitState.h" />
    <ClInclude Include="Source\GameObject\MeshObject\StaticMesh\PlayerBase\PlayerState\PlayerActionState\PlayerHandWhiffState\CPlayerHandWhiffState.h" />
    <ClInclude Include="Source\GameObject\MeshObject\StaticMesh\PlayerBase\PlayerState\PlayerActionState\PlayerKnockbackState\CPlayerKnockbackState.h" />
    <ClInclude Include="Source\GameObject\MeshObject\StaticMesh\PlayerBase\PlayerState\PlayerActionState\PlayerPickupState\CPlayerPickupState.h" />
    <ClInclude Include="Source\GameObject\MeshObject\StaticMesh\PlayerBase\PlayerState\PlayerActionState\PlayerPushedState\CPlayerPushedState.h" />
    <ClInclude Include="Source\GameObject\MeshObject\StaticMesh\PlayerBase\PlayerState\PlayerActionState\PlayerThrowState\CPlayerThrowState.h" />
    <ClInclude Include="Source\GameObject\MeshObject\StaticMesh\PlayerBase\PlayerState\PlayerMoveState\PlayerMoveIdelState\CPlayerMoveIdleState.h" />
    <ClInclude Include="Source\GameObject\MeshObject\StaticMesh\PlayerBase\PlayerState\PlayerMoveState\PlayerMoveState\CPlayerMoveState.h" />
    <ClInclude Include="Source\GameObject\MeshObject\StaticMesh\PlayerBase\PlayerState\PlayerTurnState\PlayerTurnIdleState\CPlayerTurnIdleState.h" />
    <ClInclude Include="Source\GameObject\MeshObject\StaticMesh\PlayerBase\PlayerState\PlayerTurnState\PlayerTurnState\CPlayerTurnState.h" />
    <ClInclude Include="Source\GameObject\MeshObject\StaticMesh\PlayerBase\Player\CPlayer.h" />
    <ClInclude Include="Source\GameObject\MeshObject\StaticMesh\PlayerBase\PlayerAI\CPlayerAI.h" />
    <ClInclude Include="Source\GameObject\MeshObject\StaticMesh\PlayerBase\PlayerManager\CPlayerManager.h" />
    <ClInclude Include="Source\GameObject\MeshObject\StaticMesh\PlayerBase\PlayerObserver\IPlayerObserver.h" />
    <ClInclude Include="Source\Collision\Collider\CollisionOBB\CollisionOBB.h" />
    <ClInclude Include="Source\Collision\Collider\CollisionCapsule\CollisionCapsule.h" />
    <ClInclude Include="Source\Collision\Collider\CollisionRay\CollisionRay.h" />
    <ClInclude Include="Source\Collision\CollisionResult\CollisionResult.h" />
    <ClInclude Include="Source\Collision\Collider\CollisionSphere\CollisionSphere.h" />
    <ClInclude Include="Source\Collision\CollisionStrategy\CollisionStrategyFactory\CollisionStrategyFactory.h" />
    <ClInclude Include="Source\Collision\CollisionStrategy\CollisionPattern\CollisionRaySphere\CollisionRaySphere.h" />
    <ClInclude Include="Source\Collision\CollisionStrategy\CollisionPattern\CollisionCapsuleSphere\CollisionCapsuleSphere.h" />
    <ClInclude Include="Source\Collision\CollisionStrategy\CollisionPattern\CollisionCapsuleRay\CollisionCapsuleRay.h" />
    <ClInclude Include="Source\Collision\CollisionStrategy\CollisionPattern\CollisionCapsuleOBB\CollisionCapsuleOBB.h" />
    <ClInclude Include="Source\Collision\CollisionStrategy\CollisionPattern\CollisionCapsuleCapsule\CollisionCapsuleCapsule.h" />
    <ClInclude Include="Source\Collision\CollisionStrategy\CollisionStrategyBase.h" />
    <ClInclude Include="Source\Collision\Collider\CollisionBase.h" />
    <ClInclude Include="Source\Collision\CollisionManager\CollisionManager.h" />
    <ClInclude Include="Source\Collision\CollisionListener\ICollisionListener.h" />
    <ClInclude Include="Source\GameObject\MeshObject\StaticMesh\PlayerBase\PlayerState\PlayerActionState\PlayerKnockdownState\CPlayerKnockdownState.h" />
  </ItemGroup>
</Project>